
Microsoft Visual Studio Solution File, Format Version 12.00
# Visual Studio Version 17
VisualStudioVersion = 17.0.31903.59
MinimumVisualStudioVersion = 10.0.40219.1
Project("{2150E333-8FDC-42A3-9474-1A3956D46DE8}") = "src", "src", "{4E03610F-CA65-4F78-861F-F2C80CC11510}"
EndProject
Project("{2150E333-8FDC-42A3-9474-1A3956D46DE8}") = "Shared", "Shared", "{8366ABA9-2B04-436A-857D-99A936AE947D}"
EndProject
Project("{FAE04EC0-301F-11D3-BF4B-00C04F79EFBC}") = "Contracts", "src\Shared\Contracts\Contracts.csproj", "{6BB8C30C-7F7F-4B1E-8E10-CD20FAFD2A3C}"
EndProject
Project("{FAE04EC0-301F-11D3-BF4B-00C04F79EFBC}") = "Common", "src\Shared\Common\Common.csproj", "{4D7EF45C-49A8-4ACA-84EA-4D7B7D64E860}"
EndProject
Project("{2150E333-8FDC-42A3-9474-1A3956D46DE8}") = "Services", "Services", "{4B064DC1-47AB-4887-88B3-EC033CAC7A22}"
EndProject
Project("{FAE04EC0-301F-11D3-BF4B-00C04F79EFBC}") = "Ordering.Api", "src\Services\Ordering.Api\Ordering.Api.csproj", "{73CB1A94-8555-4658-B32F-2D82C7A736D8}"
EndProject
Project("{FAE04EC0-301F-11D3-BF4B-00C04F79EFBC}") = "Invoicing.Api", "src\Services\Invoicing.Api\Invoicing.Api.csproj", "{42D5C763-3A94-4677-8923-331D7AFCE5CC}"
EndProject
Project("{FAE04EC0-301F-11D3-BF4B-00C04F79EFBC}") = "Customers.Api", "src\Services\Customers.Api\Customers.Api.csproj", "{BC16DF54-FFD4-4260-8F90-169241507C01}"
EndProject
Project("{FAE04EC0-301F-11D3-BF4B-00C04F79EFBC}") = "AI.Processor", "src\Services\AI.Processor\AI.Processor.csproj", "{1D54AAEF-D5FE-46E0-B4E2-29636812BE81}"
EndProject
Project("{FAE04EC0-301F-11D3-BF4B-00C04F79EFBC}") = "Orchestrator.Api", "src\Services\Orchestrator.Api\Orchestrator.Api.csproj", "{E8A1B2C3-D4E5-4F67-8901-234567890ABC}"
EndProject
Project("{FAE04EC0-301F-11D3-BF4B-00C04F79EFBC}") = "Gateway", "src\Services\Gateway\Gateway.csproj", "{A1B2C3D4-E5F6-7890-ABCD-EF1234567890}"
EndProject
Project("{2150E333-8FDC-42A3-9474-1A3956D46DE8}") = "Tools", "Tools", "{CDDDF1B4-ABF8-4829-84B1-3A2B5653532F}"
EndProject
Project("{FAE04EC0-301F-11D3-BF4B-00C04F79EFBC}") = "OrderSimulator", "src\Tools\OrderSimulator\OrderSimulator.csproj", "{DBB2B4AA-8F4D-435D-BB05-8A0A3BCAE4FC}"
EndProject
Project("{FAE04EC0-301F-11D3-BF4B-00C04F79EFBC}") = "Projections", "src\Services\Projections\Projections.csproj", "{7A611092-AA91-4037-8951-B9196877FAC0}"
EndProject
Global
	GlobalSection(SolutionConfigurationPlatforms) = preSolution
		Debug|Any CPU = Debug|Any CPU
		Debug|x64 = Debug|x64
		Debug|x86 = Debug|x86
		Release|Any CPU = Release|Any CPU
		Release|x64 = Release|x64
		Release|x86 = Release|x86
	EndGlobalSection
	GlobalSection(ProjectConfigurationPlatforms) = postSolution
		{6BB8C30C-7F7F-4B1E-8E10-CD20FAFD2A3C}.Debug|Any CPU.ActiveCfg = Debug|Any CPU
		{6BB8C30C-7F7F-4B1E-8E10-CD20FAFD2A3C}.Debug|Any CPU.Build.0 = Debug|Any CPU
		{6BB8C30C-7F7F-4B1E-8E10-CD20FAFD2A3C}.Debug|x64.ActiveCfg = Debug|Any CPU
		{6BB8C30C-7F7F-4B1E-8E10-CD20FAFD2A3C}.Debug|x64.Build.0 = Debug|Any CPU
		{6BB8C30C-7F7F-4B1E-8E10-CD20FAFD2A3C}.Debug|x86.ActiveCfg = Debug|Any CPU
		{6BB8C30C-7F7F-4B1E-8E10-CD20FAFD2A3C}.Debug|x86.Build.0 = Debug|Any CPU
		{6BB8C30C-7F7F-4B1E-8E10-CD20FAFD2A3C}.Release|Any CPU.ActiveCfg = Release|Any CPU
		{6BB8C30C-7F7F-4B1E-8E10-CD20FAFD2A3C}.Release|Any CPU.Build.0 = Release|Any CPU
		{6BB8C30C-7F7F-4B1E-8E10-CD20FAFD2A3C}.Release|x64.ActiveCfg = Release|Any CPU
		{6BB8C30C-7F7F-4B1E-8E10-CD20FAFD2A3C}.Release|x64.Build.0 = Release|Any CPU
		{6BB8C30C-7F7F-4B1E-8E10-CD20FAFD2A3C}.Release|x86.ActiveCfg = Release|Any CPU
		{6BB8C30C-7F7F-4B1E-8E10-CD20FAFD2A3C}.Release|x86.Build.0 = Release|Any CPU
		{4D7EF45C-49A8-4ACA-84EA-4D7B7D64E860}.Debug|Any CPU.ActiveCfg = Debug|Any CPU
		{4D7EF45C-49A8-4ACA-84EA-4D7B7D64E860}.Debug|Any CPU.Build.0 = Debug|Any CPU
		{4D7EF45C-49A8-4ACA-84EA-4D7B7D64E860}.Debug|x64.ActiveCfg = Debug|Any CPU
		{4D7EF45C-49A8-4ACA-84EA-4D7B7D64E860}.Debug|x64.Build.0 = Debug|Any CPU
		{4D7EF45C-49A8-4ACA-84EA-4D7B7D64E860}.Debug|x86.ActiveCfg = Debug|Any CPU
		{4D7EF45C-49A8-4ACA-84EA-4D7B7D64E860}.Debug|x86.Build.0 = Debug|Any CPU
		{4D7EF45C-49A8-4ACA-84EA-4D7B7D64E860}.Release|Any CPU.ActiveCfg = Release|Any CPU
		{4D7EF45C-49A8-4ACA-84EA-4D7B7D64E860}.Release|Any CPU.Build.0 = Release|Any CPU
		{4D7EF45C-49A8-4ACA-84EA-4D7B7D64E860}.Release|x64.ActiveCfg = Release|Any CPU
		{4D7EF45C-49A8-4ACA-84EA-4D7B7D64E860}.Release|x64.Build.0 = Release|Any CPU
		{4D7EF45C-49A8-4ACA-84EA-4D7B7D64E860}.Release|x86.ActiveCfg = Release|Any CPU
		{4D7EF45C-49A8-4ACA-84EA-4D7B7D64E860}.Release|x86.Build.0 = Release|Any CPU
		{73CB1A94-8555-4658-B32F-2D82C7A736D8}.Debug|Any CPU.ActiveCfg = Debug|Any CPU
		{73CB1A94-8555-4658-B32F-2D82C7A736D8}.Debug|Any CPU.Build.0 = Debug|Any CPU
		{73CB1A94-8555-4658-B32F-2D82C7A736D8}.Debug|x64.ActiveCfg = Debug|Any CPU
		{73CB1A94-8555-4658-B32F-2D82C7A736D8}.Debug|x64.Build.0 = Debug|Any CPU
		{73CB1A94-8555-4658-B32F-2D82C7A736D8}.Debug|x86.ActiveCfg = Debug|Any CPU
		{73CB1A94-8555-4658-B32F-2D82C7A736D8}.Debug|x86.Build.0 = Debug|Any CPU
		{73CB1A94-8555-4658-B32F-2D82C7A736D8}.Release|Any CPU.ActiveCfg = Release|Any CPU
		{73CB1A94-8555-4658-B32F-2D82C7A736D8}.Release|Any CPU.Build.0 = Release|Any CPU
		{73CB1A94-8555-4658-B32F-2D82C7A736D8}.Release|x64.ActiveCfg = Release|Any CPU
		{73CB1A94-8555-4658-B32F-2D82C7A736D8}.Release|x64.Build.0 = Release|Any CPU
		{73CB1A94-8555-4658-B32F-2D82C7A736D8}.Release|x86.ActiveCfg = Release|Any CPU
		{73CB1A94-8555-4658-B32F-2D82C7A736D8}.Release|x86.Build.0 = Release|Any CPU
		{42D5C763-3A94-4677-8923-331D7AFCE5CC}.Debug|Any CPU.ActiveCfg = Debug|Any CPU
		{42D5C763-3A94-4677-8923-331D7AFCE5CC}.Debug|Any CPU.Build.0 = Debug|Any CPU
		{42D5C763-3A94-4677-8923-331D7AFCE5CC}.Debug|x64.ActiveCfg = Debug|Any CPU
		{42D5C763-3A94-4677-8923-331D7AFCE5CC}.Debug|x64.Build.0 = Debug|Any CPU
		{42D5C763-3A94-4677-8923-331D7AFCE5CC}.Debug|x86.ActiveCfg = Debug|Any CPU
		{42D5C763-3A94-4677-8923-331D7AFCE5CC}.Debug|x86.Build.0 = Debug|Any CPU
		{42D5C763-3A94-4677-8923-331D7AFCE5CC}.Release|Any CPU.ActiveCfg = Release|Any CPU
		{42D5C763-3A94-4677-8923-331D7AFCE5CC}.Release|Any CPU.Build.0 = Release|Any CPU
		{42D5C763-3A94-4677-8923-331D7AFCE5CC}.Release|x64.ActiveCfg = Release|Any CPU
		{42D5C763-3A94-4677-8923-331D7AFCE5CC}.Release|x64.Build.0 = Release|Any CPU
		{42D5C763-3A94-4677-8923-331D7AFCE5CC}.Release|x86.ActiveCfg = Release|Any CPU
		{42D5C763-3A94-4677-8923-331D7AFCE5CC}.Release|x86.Build.0 = Release|Any CPU
		{BC16DF54-FFD4-4260-8F90-169241507C01}.Debug|Any CPU.ActiveCfg = Debug|Any CPU
		{BC16DF54-FFD4-4260-8F90-169241507C01}.Debug|Any CPU.Build.0 = Debug|Any CPU
		{BC16DF54-FFD4-4260-8F90-169241507C01}.Debug|x64.ActiveCfg = Debug|Any CPU
		{BC16DF54-FFD4-4260-8F90-169241507C01}.Debug|x64.Build.0 = Debug|Any CPU
		{BC16DF54-FFD4-4260-8F90-169241507C01}.Debug|x86.ActiveCfg = Debug|Any CPU
		{BC16DF54-FFD4-4260-8F90-169241507C01}.Debug|x86.Build.0 = Debug|Any CPU
		{BC16DF54-FFD4-4260-8F90-169241507C01}.Release|Any CPU.ActiveCfg = Release|Any CPU
		{BC16DF54-FFD4-4260-8F90-169241507C01}.Release|Any CPU.Build.0 = Release|Any CPU
		{BC16DF54-FFD4-4260-8F90-169241507C01}.Release|x64.ActiveCfg = Release|Any CPU
		{BC16DF54-FFD4-4260-8F90-169241507C01}.Release|x64.Build.0 = Release|Any CPU
		{BC16DF54-FFD4-4260-8F90-169241507C01}.Release|x86.ActiveCfg = Release|Any CPU
		{BC16DF54-FFD4-4260-8F90-169241507C01}.Release|x86.Build.0 = Release|Any CPU
		{1D54AAEF-D5FE-46E0-B4E2-29636812BE81}.Debug|Any CPU.ActiveCfg = Debug|Any CPU
		{1D54AAEF-D5FE-46E0-B4E2-29636812BE81}.Debug|Any CPU.Build.0 = Debug|Any CPU
		{1D54AAEF-D5FE-46E0-B4E2-29636812BE81}.Debug|x64.ActiveCfg = Debug|Any CPU
		{1D54AAEF-D5FE-46E0-B4E2-29636812BE81}.Debug|x64.Build.0 = Debug|Any CPU
		{1D54AAEF-D5FE-46E0-B4E2-29636812BE81}.Debug|x86.ActiveCfg = Debug|Any CPU
		{1D54AAEF-D5FE-46E0-B4E2-29636812BE81}.Debug|x86.Build.0 = Debug|Any CPU
		{1D54AAEF-D5FE-46E0-B4E2-29636812BE81}.Release|Any CPU.ActiveCfg = Release|Any CPU
		{1D54AAEF-D5FE-46E0-B4E2-29636812BE81}.Release|Any CPU.Build.0 = Release|Any CPU
		{1D54AAEF-D5FE-46E0-B4E2-29636812BE81}.Release|x64.ActiveCfg = Release|Any CPU
		{1D54AAEF-D5FE-46E0-B4E2-29636812BE81}.Release|x64.Build.0 = Release|Any CPU
		{1D54AAEF-D5FE-46E0-B4E2-29636812BE81}.Release|x86.ActiveCfg = Release|Any CPU
		{1D54AAEF-D5FE-46E0-B4E2-29636812BE81}.Release|x86.Build.0 = Release|Any CPU
		{E8A1B2C3-D4E5-4F67-8901-234567890ABC}.Debug|Any CPU.ActiveCfg = Debug|Any CPU
		{E8A1B2C3-D4E5-4F67-8901-234567890ABC}.Debug|Any CPU.Build.0 = Debug|Any CPU
		{E8A1B2C3-D4E5-4F67-8901-234567890ABC}.Debug|x64.ActiveCfg = Debug|Any CPU
		{E8A1B2C3-D4E5-4F67-8901-234567890ABC}.Debug|x64.Build.0 = Debug|Any CPU
		{E8A1B2C3-D4E5-4F67-8901-234567890ABC}.Debug|x86.ActiveCfg = Debug|Any CPU
		{E8A1B2C3-D4E5-4F67-8901-234567890ABC}.Debug|x86.Build.0 = Debug|Any CPU
		{E8A1B2C3-D4E5-4F67-8901-234567890ABC}.Release|Any CPU.ActiveCfg = Release|Any CPU
		{E8A1B2C3-D4E5-4F67-8901-234567890ABC}.Release|Any CPU.Build.0 = Release|Any CPU
		{E8A1B2C3-D4E5-4F67-8901-234567890ABC}.Release|x64.ActiveCfg = Release|Any CPU
		{E8A1B2C3-D4E5-4F67-8901-234567890ABC}.Release|x64.Build.0 = Release|Any CPU
		{E8A1B2C3-D4E5-4F67-8901-234567890ABC}.Release|x86.ActiveCfg = Release|Any CPU
		{E8A1B2C3-D4E5-4F67-8901-234567890ABC}.Release|x86.Build.0 = Release|Any CPU
		{A1B2C3D4-E5F6-7890-ABCD-EF1234567890}.Debug|Any CPU.ActiveCfg = Debug|Any CPU
		{A1B2C3D4-E5F6-7890-ABCD-EF1234567890}.Debug|Any CPU.Build.0 = Debug|Any CPU
		{A1B2C3D4-E5F6-7890-ABCD-EF1234567890}.Debug|x64.ActiveCfg = Debug|Any CPU
		{A1B2C3D4-E5F6-7890-ABCD-EF1234567890}.Debug|x64.Build.0 = Debug|Any CPU
		{A1B2C3D4-E5F6-7890-ABCD-EF1234567890}.Debug|x86.ActiveCfg = Debug|Any CPU
		{A1B2C3D4-E5F6-7890-ABCD-EF1234567890}.Debug|x86.Build.0 = Debug|Any CPU
		{A1B2C3D4-E5F6-7890-ABCD-EF1234567890}.Release|Any CPU.ActiveCfg = Release|Any CPU
		{A1B2C3D4-E5F6-7890-ABCD-EF1234567890}.Release|Any CPU.Build.0 = Release|Any CPU
		{A1B2C3D4-E5F6-7890-ABCD-EF1234567890}.Release|x64.ActiveCfg = Release|Any CPU
		{A1B2C3D4-E5F6-7890-ABCD-EF1234567890}.Release|x64.Build.0 = Release|Any CPU
		{A1B2C3D4-E5F6-7890-ABCD-EF1234567890}.Release|x86.ActiveCfg = Release|Any CPU
		{A1B2C3D4-E5F6-7890-ABCD-EF1234567890}.Release|x86.Build.0 = Release|Any CPU
		{DBB2B4AA-8F4D-435D-BB05-8A0A3BCAE4FC}.Debug|Any CPU.ActiveCfg = Debug|Any CPU
		{DBB2B4AA-8F4D-435D-BB05-8A0A3BCAE4FC}.Debug|Any CPU.Build.0 = Debug|Any CPU
		{DBB2B4AA-8F4D-435D-BB05-8A0A3BCAE4FC}.Debug|x64.ActiveCfg = Debug|Any CPU
		{DBB2B4AA-8F4D-435D-BB05-8A0A3BCAE4FC}.Debug|x64.Build.0 = Debug|Any CPU
		{DBB2B4AA-8F4D-435D-BB05-8A0A3BCAE4FC}.Debug|x86.ActiveCfg = Debug|Any CPU
		{DBB2B4AA-8F4D-435D-BB05-8A0A3BCAE4FC}.Debug|x86.Build.0 = Debug|Any CPU
		{DBB2B4AA-8F4D-435D-BB05-8A0A3BCAE4FC}.Release|Any CPU.ActiveCfg = Release|Any CPU
		{DBB2B4AA-8F4D-435D-BB05-8A0A3BCAE4FC}.Release|Any CPU.Build.0 = Release|Any CPU
		{DBB2B4AA-8F4D-435D-BB05-8A0A3BCAE4FC}.Release|x64.ActiveCfg = Release|Any CPU
		{DBB2B4AA-8F4D-435D-BB05-8A0A3BCAE4FC}.Release|x64.Build.0 = Release|Any CPU
		{DBB2B4AA-8F4D-435D-BB05-8A0A3BCAE4FC}.Release|x86.ActiveCfg = Release|Any CPU
		{DBB2B4AA-8F4D-435D-BB05-8A0A3BCAE4FC}.Release|x86.Build.0 = Release|Any CPU
		{7A611092-AA91-4037-8951-B9196877FAC0}.Debug|Any CPU.ActiveCfg = Debug|Any CPU
		{7A611092-AA91-4037-8951-B9196877FAC0}.Debug|Any CPU.Build.0 = Debug|Any CPU
		{7A611092-AA91-4037-8951-B9196877FAC0}.Debug|x64.ActiveCfg = Debug|Any CPU
		{7A611092-AA91-4037-8951-B9196877FAC0}.Debug|x64.Build.0 = Debug|Any CPU
		{7A611092-AA91-4037-8951-B9196877FAC0}.Debug|x86.ActiveCfg = Debug|Any CPU
		{7A611092-AA91-4037-8951-B9196877FAC0}.Debug|x86.Build.0 = Debug|Any CPU
		{7A611092-AA91-4037-8951-B9196877FAC0}.Release|Any CPU.ActiveCfg = Release|Any CPU
		{7A611092-AA91-4037-8951-B9196877FAC0}.Release|Any CPU.Build.0 = Release|Any CPU
		{7A611092-AA91-4037-8951-B9196877FAC0}.Release|x64.ActiveCfg = Release|Any CPU
		{7A611092-AA91-4037-8951-B9196877FAC0}.Release|x64.Build.0 = Release|Any CPU
		{7A611092-AA91-4037-8951-B9196877FAC0}.Release|x86.ActiveCfg = Release|Any CPU
		{7A611092-AA91-4037-8951-B9196877FAC0}.Release|x86.Build.0 = Release|Any CPU
	EndGlobalSection
	GlobalSection(SolutionProperties) = preSolution
		HideSolutionNode = FALSE
	EndGlobalSection
	GlobalSection(NestedProjects) = preSolution
		{8366ABA9-2B04-436A-857D-99A936AE947D} = {4E03610F-CA65-4F78-861F-F2C80CC11510}
		{6BB8C30C-7F7F-4B1E-8E10-CD20FAFD2A3C} = {8366ABA9-2B04-436A-857D-99A936AE947D}
		{4D7EF45C-49A8-4ACA-84EA-4D7B7D64E860} = {8366ABA9-2B04-436A-857D-99A936AE947D}
		{4B064DC1-47AB-4887-88B3-EC033CAC7A22} = {4E03610F-CA65-4F78-861F-F2C80CC11510}
		{73CB1A94-8555-4658-B32F-2D82C7A736D8} = {4B064DC1-47AB-4887-88B3-EC033CAC7A22}
		{42D5C763-3A94-4677-8923-331D7AFCE5CC} = {4B064DC1-47AB-4887-88B3-EC033CAC7A22}
		{BC16DF54-FFD4-4260-8F90-169241507C01} = {4B064DC1-47AB-4887-88B3-EC033CAC7A22}
		{1D54AAEF-D5FE-46E0-B4E2-29636812BE81} = {4B064DC1-47AB-4887-88B3-EC033CAC7A22}
		{E8A1B2C3-D4E5-4F67-8901-234567890ABC} = {4B064DC1-47AB-4887-88B3-EC033CAC7A22}
		{A1B2C3D4-E5F6-7890-ABCD-EF1234567890} = {4B064DC1-47AB-4887-88B3-EC033CAC7A22}
		{CDDDF1B4-ABF8-4829-84B1-3A2B5653532F} = {4E03610F-CA65-4F78-861F-F2C80CC11510}
		{DBB2B4AA-8F4D-435D-BB05-8A0A3BCAE4FC} = {CDDDF1B4-ABF8-4829-84B1-3A2B5653532F}
		{7A611092-AA91-4037-8951-B9196877FAC0} = {4B064DC1-47AB-4887-88B3-EC033CAC7A22}
	EndGlobalSection
EndGlobal
